
Microsoft Visual Studio Solution File, Format Version 12.00
# Visual Studio Version 17
VisualStudioVersion = 17.0.31903.59
MinimumVisualStudioVersion = 10.0.40219.1
Project("{FAE04EC0-301F-11D3-BF4B-00C04F79EFBC}") = "EasyUiBackend.Api", "EasyUiBackend.Api\EasyUiBackend.Api.csproj", "{0A9C5BFA-E025-4C9B-B1A0-A57908038E0B}"
EndProject
Project("{FAE04EC0-301F-11D3-BF4B-00C04F79EFBC}") = "EasyUiBackend.Application", "EasyUiBackend.Application\EasyUiBackend.Application.csproj", "{5E1AE2DA-58F2-4C06-80DA-6DFB079FB274}"
EndProject
Project("{FAE04EC0-301F-11D3-BF4B-00C04F79EFBC}") = "EasyUiBackend.Domain", "EasyUiBackend.Domain\EasyUiBackend.Domain.csproj", "{58EDAF87-D0F4-41B6-BD33-D486A571D1AB}"
EndProject
Project("{FAE04EC0-301F-11D3-BF4B-00C04F79EFBC}") = "EasyUiBackend.Infrastructure", "EasyUiBackend.Infrastructure\EasyUiBackend.Infrastructure.csproj", "{16DD7BE9-71E5-48B5-A0FB-DB4406F806BD}"
EndProject
Global
	GlobalSection(SolutionConfigurationPlatforms) = preSolution
		Debug|Any CPU = Debug|Any CPU
		Release|Any CPU = Release|Any CPU
	EndGlobalSection
	GlobalSection(SolutionProperties) = preSolution
		HideSolutionNode = FALSE
	EndGlobalSection
	GlobalSection(ProjectConfigurationPlatforms) = postSolution
		{0A9C5BFA-E025-4C9B-B1A0-A57908038E0B}.Debug|Any CPU.ActiveCfg = Debug|Any CPU
		{0A9C5BFA-E025-4C9B-B1A0-A57908038E0B}.Debug|Any CPU.Build.0 = Debug|Any CPU
		{0A9C5BFA-E025-4C9B-B1A0-A57908038E0B}.Release|Any CPU.ActiveCfg = Release|Any CPU
		{0A9C5BFA-E025-4C9B-B1A0-A57908038E0B}.Release|Any CPU.Build.0 = Release|Any CPU
		{5E1AE2DA-58F2-4C06-80DA-6DFB079FB274}.Debug|Any CPU.ActiveCfg = Debug|Any CPU
		{5E1AE2DA-58F2-4C06-80DA-6DFB079FB274}.Debug|Any CPU.Build.0 = Debug|Any CPU
		{5E1AE2DA-58F2-4C06-80DA-6DFB079FB274}.Release|Any CPU.ActiveCfg = Release|Any CPU
		{5E1AE2DA-58F2-4C06-80DA-6DFB079FB274}.Release|Any CPU.Build.0 = Release|Any CPU
		{58EDAF87-D0F4-41B6-BD33-D486A571D1AB}.Debug|Any CPU.ActiveCfg = Debug|Any CPU
		{58EDAF87-D0F4-41B6-BD33-D486A571D1AB}.Debug|Any CPU.Build.0 = Debug|Any CPU
		{58EDAF87-D0F4-41B6-BD33-D486A571D1AB}.Release|Any CPU.ActiveCfg = Release|Any CPU
		{58EDAF87-D0F4-41B6-BD33-D486A571D1AB}.Release|Any CPU.Build.0 = Release|Any CPU
		{16DD7BE9-71E5-48B5-A0FB-DB4406F806BD}.Debug|Any CPU.ActiveCfg = Debug|Any CPU
		{16DD7BE9-71E5-48B5-A0FB-DB4406F806BD}.Debug|Any CPU.Build.0 = Debug|Any CPU
		{16DD7BE9-71E5-48B5-A0FB-DB4406F806BD}.Release|Any CPU.ActiveCfg = Release|Any CPU
		{16DD7BE9-71E5-48B5-A0FB-DB4406F806BD}.Release|Any CPU.Build.0 = Release|Any CPU
	EndGlobalSection
EndGlobal
